
Microsoft Visual Studio Solution File, Format Version 12.00
# Visual Studio Version 17
VisualStudioVersion = 17.0.31903.59
MinimumVisualStudioVersion = 10.0.40219.1
Project("{FAE04EC0-301F-11D3-BF4B-00C04F79EFBC}") = "ExemploFundamentos", "ExemploFundamentos\ExemploFundamentos.csproj", "{DCC756FD-02CB-46CF-873D-0C77BF17E4BD}"
EndProject
Project("{FAE04EC0-301F-11D3-BF4B-00C04F79EFBC}") = "ExemploFundamentos.Common", "ExemploFundamentos.Common\ExemploFundamentos.Common.csproj", "{0A6CDE6C-A847-483B-846D-B591EC672D84}"
EndProject
Global
	GlobalSection(SolutionConfigurationPlatforms) = preSolution
		Debug|Any CPU = Debug|Any CPU
		Release|Any CPU = Release|Any CPU
	EndGlobalSection
	GlobalSection(SolutionProperties) = preSolution
		HideSolutionNode = FALSE
	EndGlobalSection
	GlobalSection(ProjectConfigurationPlatforms) = postSolution
		{DCC756FD-02CB-46CF-873D-0C77BF17E4BD}.Debug|Any CPU.ActiveCfg = Debug|Any CPU
		{DCC756FD-02CB-46CF-873D-0C77BF17E4BD}.Debug|Any CPU.Build.0 = Debug|Any CPU
		{DCC756FD-02CB-46CF-873D-0C77BF17E4BD}.Release|Any CPU.ActiveCfg = Release|Any CPU
		{DCC756FD-02CB-46CF-873D-0C77BF17E4BD}.Release|Any CPU.Build.0 = Release|Any CPU
		{0A6CDE6C-A847-483B-846D-B591EC672D84}.Debug|Any CPU.ActiveCfg = Debug|Any CPU
		{0A6CDE6C-A847-483B-846D-B591EC672D84}.Debug|Any CPU.Build.0 = Debug|Any CPU
		{0A6CDE6C-A847-483B-846D-B591EC672D84}.Release|Any CPU.ActiveCfg = Release|Any CPU
		{0A6CDE6C-A847-483B-846D-B591EC672D84}.Release|Any CPU.Build.0 = Release|Any CPU
	EndGlobalSection
EndGlobal
