
Microsoft Visual Studio Solution File, Format Version 12.00
# Visual Studio Version 17
VisualStudioVersion = 17.0.31903.59
MinimumVisualStudioVersion = 10.0.40219.1
Project("{FAE04EC0-301F-11D3-BF4B-00C04F79EFBC}") = "minimal-api", "API\minimal-api.csproj", "{2F8540B8-2195-4757-861B-D9E1540EFB7B}"
EndProject
Project("{FAE04EC0-301F-11D3-BF4B-00C04F79EFBC}") = "Test", "Test\Test.csproj", "{64F29444-F802-47AA-A7E0-C1D3F5EC29D5}"
EndProject
Global
	GlobalSection(SolutionConfigurationPlatforms) = preSolution
		Debug|Any CPU = Debug|Any CPU
		Release|Any CPU = Release|Any CPU
	EndGlobalSection
	GlobalSection(SolutionProperties) = preSolution
		HideSolutionNode = FALSE
	EndGlobalSection
	GlobalSection(ProjectConfigurationPlatforms) = postSolution
		{2F8540B8-2195-4757-861B-D9E1540EFB7B}.Debug|Any CPU.ActiveCfg = Debug|Any CPU
		{2F8540B8-2195-4757-861B-D9E1540EFB7B}.Debug|Any CPU.Build.0 = Debug|Any CPU
		{2F8540B8-2195-4757-861B-D9E1540EFB7B}.Release|Any CPU.ActiveCfg = Release|Any CPU
		{2F8540B8-2195-4757-861B-D9E1540EFB7B}.Release|Any CPU.Build.0 = Release|Any CPU
		{64F29444-F802-47AA-A7E0-C1D3F5EC29D5}.Debug|Any CPU.ActiveCfg = Debug|Any CPU
		{64F29444-F802-47AA-A7E0-C1D3F5EC29D5}.Debug|Any CPU.Build.0 = Debug|Any CPU
		{64F29444-F802-47AA-A7E0-C1D3F5EC29D5}.Release|Any CPU.ActiveCfg = Release|Any CPU
		{64F29444-F802-47AA-A7E0-C1D3F5EC29D5}.Release|Any CPU.Build.0 = Release|Any CPU
	EndGlobalSection
EndGlobal
